# graft.lock — generated by `graft sync`. Do not edit.
version = 1

[[source]]
name     = "openspec-schemas"
git      = "github.com/optioni/openspec-schemas"
rev      = "v0.4.0"
resolved = "9f65234f99d97393c7f238d202a88f2d4b82b91b"

  [[source.item]]
  id    = "agent:apply-orchestrator"
  files = [".claude/agents/apply-orchestrator.md"]

  [[source.item]]
  id    = "agent:outside-in-tdd-implementer"
  files = [".claude/agents/outside-in-tdd-implementer.md"]

  [[source.item]]
  id    = "agent:outside-in-tdd-reviewer"
  files = [".claude/agents/outside-in-tdd-reviewer.md"]

  [[source.item]]
  id    = "agent:phase-orchestrator"
  files = [".claude/agents/phase-orchestrator.md"]

  [[source.item]]
  id    = "agent:planning-reviewer"
  files = [".claude/agents/planning-reviewer.md"]

  [[source.item]]
  id    = "agent:repo-locator"
  files = [".claude/agents/repo-locator.md"]

  [[source.item]]
  id    = "schema:tdd"
  files = [
    "openspec/schemas/tdd/schema.yaml",
    "openspec/schemas/tdd/templates/design.md",
    "openspec/schemas/tdd/templates/planning-review.md",
    "openspec/schemas/tdd/templates/proposal.md",
    "openspec/schemas/tdd/templates/spec.md",
    "openspec/schemas/tdd/templates/tasks.md",
  ]
