# graft.lock — generated by `graft sync`. Do not edit.
version = 1

[[source]]
name     = "openspec-schemas"
git      = "github.com/optioni/openspec-schemas"
rev      = "v0.1.1"
resolved = "c90b823d4a68b616bb528fa7cda96dc0ae17668f"

  [[source.item]]
  id    = "agent:apply-orchestrator"
  files = [".claude/agents/apply-orchestrator.md"]

  [[source.item]]
  id    = "agent:outside-in-tdd-implementer"
  files = [".claude/agents/outside-in-tdd-implementer.md"]

  [[source.item]]
  id    = "agent:outside-in-tdd-reviewer"
  files = [".claude/agents/outside-in-tdd-reviewer.md"]

  [[source.item]]
  id    = "agent:phase-orchestrator"
  files = [".claude/agents/phase-orchestrator.md"]

  [[source.item]]
  id    = "schema:tdd"
  files = [
    "openspec/schemas/tdd/schema.yaml",
    "openspec/schemas/tdd/templates/design.md",
    "openspec/schemas/tdd/templates/planning-review.md",
    "openspec/schemas/tdd/templates/proposal.md",
    "openspec/schemas/tdd/templates/spec.md",
    "openspec/schemas/tdd/templates/tasks.md",
  ]
