# graft.lock — generated by `graft sync`. Do not edit.
version = 1

[[source]]
name     = "openspec-schemas"
git      = "github.com/optioni/openspec-schemas"
rev      = "v0.2.0"
resolved = "6d91ffe5039b42c46b3d36fa6b4230d377496c79"

  [[source.item]]
  id    = "agent:apply-orchestrator"
  files = [".claude/agents/apply-orchestrator.md"]

  [[source.item]]
  id    = "agent:outside-in-tdd-implementer"
  files = [".claude/agents/outside-in-tdd-implementer.md"]

  [[source.item]]
  id    = "agent:outside-in-tdd-reviewer"
  files = [".claude/agents/outside-in-tdd-reviewer.md"]

  [[source.item]]
  id    = "agent:phase-orchestrator"
  files = [".claude/agents/phase-orchestrator.md"]

  [[source.item]]
  id    = "agent:planning-reviewer"
  files = [".claude/agents/planning-reviewer.md"]

  [[source.item]]
  id    = "schema:tdd"
  files = [
    "openspec/schemas/tdd/schema.yaml",
    "openspec/schemas/tdd/templates/design.md",
    "openspec/schemas/tdd/templates/planning-review.md",
    "openspec/schemas/tdd/templates/proposal.md",
    "openspec/schemas/tdd/templates/spec.md",
    "openspec/schemas/tdd/templates/tasks.md",
  ]
